
Microsoft Visual Studio Solution File, Format Version 12.00
# Visual Studio Version 17
VisualStudioVersion = 17.8.34330.188
MinimumVisualStudioVersion = 10.0.40219.1
Project("{FAE04EC0-301F-11D3-BF4B-00C04F79EFBC}") = "213001_Final", "213001_Final.csproj", "{16CD2676-9C39-4B85-8A07-A89796149661}"
EndProject
Global
	GlobalSection(SolutionConfigurationPlatforms) = preSolution
		Debug|Any CPU = Debug|Any CPU
		Release|Any CPU = Release|Any CPU
	EndGlobalSection
	GlobalSection(ProjectConfigurationPlatforms) = postSolution
		{16CD2676-9C39-4B85-8A07-A89796149661}.Debug|Any CPU.ActiveCfg = Debug|Any CPU
		{16CD2676-9C39-4B85-8A07-A89796149661}.Debug|Any CPU.Build.0 = Debug|Any CPU
		{16CD2676-9C39-4B85-8A07-A89796149661}.Release|Any CPU.ActiveCfg = Release|Any CPU
		{16CD2676-9C39-4B85-8A07-A89796149661}.Release|Any CPU.Build.0 = Release|Any CPU
	EndGlobalSection
	GlobalSection(SolutionProperties) = preSolution
		HideSolutionNode = FALSE
	EndGlobalSection
	GlobalSection(ExtensibilityGlobals) = postSolution
		SolutionGuid = {9F56FBC2-D958-4030-B16A-95F4DF6BBB63}
	EndGlobalSection
EndGlobal
